
Microsoft Visual Studio Solution File, Format Version 12.00
# Visual Studio 15
VisualStudioVersion = 15.0.27130.2024
MinimumVisualStudioVersion = 10.0.40219.1
Project("{FAE04EC0-301F-11D3-BF4B-00C04F79EFBC}") = "Exercise.Android", "Exercise\Exercise.Android\Exercise.Android.csproj", "{043D802E-7C1B-4DB7-B3D6-28B78AE255BF}"
EndProject
Project("{FAE04EC0-301F-11D3-BF4B-00C04F79EFBC}") = "Exercise.iOS", "Exercise\Exercise.iOS\Exercise.iOS.csproj", "{38D1B7F6-69D7-4039-A721-88276FD43BDA}"
EndProject
Project("{FAE04EC0-301F-11D3-BF4B-00C04F79EFBC}") = "Exercise", "Exercise\Exercise\Exercise.csproj", "{1B552687-225D-45CA-8799-B98C067A6A0F}"
EndProject
Global
	GlobalSection(SolutionConfigurationPlatforms) = preSolution
		Ad-Hoc|Any CPU = Ad-Hoc|Any CPU
		Ad-Hoc|iPhone = Ad-Hoc|iPhone
		Ad-Hoc|iPhoneSimulator = Ad-Hoc|iPhoneSimulator
		AppStore|Any CPU = AppStore|Any CPU
		AppStore|iPhone = AppStore|iPhone
		AppStore|iPhoneSimulator = AppStore|iPhoneSimulator
		Debug|Any CPU = Debug|Any CPU
		Debug|iPhone = Debug|iPhone
		Debug|iPhoneSimulator = Debug|iPhoneSimulator
		Release|Any CPU = Release|Any CPU
		Release|iPhone = Release|iPhone
		Release|iPhoneSimulator = Release|iPhoneSimulator
	EndGlobalSection
	GlobalSection(ProjectConfigurationPlatforms) = postSolution
		{043D802E-7C1B-4DB7-B3D6-28B78AE255BF}.Ad-Hoc|Any CPU.ActiveCfg = Release|Any CPU
		{043D802E-7C1B-4DB7-B3D6-28B78AE255BF}.Ad-Hoc|Any CPU.Build.0 = Release|Any CPU
		{043D802E-7C1B-4DB7-B3D6-28B78AE255BF}.Ad-Hoc|Any CPU.Deploy.0 = Release|Any CPU
		{043D802E-7C1B-4DB7-B3D6-28B78AE255BF}.Ad-Hoc|iPhone.ActiveCfg = Release|Any CPU
		{043D802E-7C1B-4DB7-B3D6-28B78AE255BF}.Ad-Hoc|iPhone.Build.0 = Release|Any CPU
		{043D802E-7C1B-4DB7-B3D6-28B78AE255BF}.Ad-Hoc|iPhone.Deploy.0 = Release|Any CPU
		{043D802E-7C1B-4DB7-B3D6-28B78AE255BF}.Ad-Hoc|iPhoneSimulator.ActiveCfg = Release|Any CPU
		{043D802E-7C1B-4DB7-B3D6-28B78AE255BF}.Ad-Hoc|iPhoneSimulator.Build.0 = Release|Any CPU
		{043D802E-7C1B-4DB7-B3D6-28B78AE255BF}.Ad-Hoc|iPhoneSimulator.Deploy.0 = Release|Any CPU
		{043D802E-7C1B-4DB7-B3D6-28B78AE255BF}.AppStore|Any CPU.ActiveCfg = Release|Any CPU
		{043D802E-7C1B-4DB7-B3D6-28B78AE255BF}.AppStore|Any CPU.Build.0 = Release|Any CPU
		{043D802E-7C1B-4DB7-B3D6-28B78AE255BF}.AppStore|Any CPU.Deploy.0 = Release|Any CPU
		{043D802E-7C1B-4DB7-B3D6-28B78AE255BF}.AppStore|iPhone.ActiveCfg = Release|Any CPU
		{043D802E-7C1B-4DB7-B3D6-28B78AE255BF}.AppStore|iPhone.Build.0 = Release|Any CPU
		{043D802E-7C1B-4DB7-B3D6-28B78AE255BF}.AppStore|iPhone.Deploy.0 = Release|Any CPU
		{043D802E-7C1B-4DB7-B3D6-28B78AE255BF}.AppStore|iPhoneSimulator.ActiveCfg = Release|Any CPU
		{043D802E-7C1B-4DB7-B3D6-28B78AE255BF}.AppStore|iPhoneSimulator.Build.0 = Release|Any CPU
		{043D802E-7C1B-4DB7-B3D6-28B78AE255BF}.AppStore|iPhoneSimulator.Deploy.0 = Release|Any CPU
		{043D802E-7C1B-4DB7-B3D6-28B78AE255BF}.Debug|Any CPU.ActiveCfg = Debug|Any CPU
		{043D802E-7C1B-4DB7-B3D6-28B78AE255BF}.Debug|Any CPU.Build.0 = Debug|Any CPU
		{043D802E-7C1B-4DB7-B3D6-28B78AE255BF}.Debug|Any CPU.Deploy.0 = Debug|Any CPU
		{043D802E-7C1B-4DB7-B3D6-28B78AE255BF}.Debug|iPhone.ActiveCfg = Debug|Any CPU
		{043D802E-7C1B-4DB7-B3D6-28B78AE255BF}.Debug|iPhone.Build.0 = Debug|Any CPU
		{043D802E-7C1B-4DB7-B3D6-28B78AE255BF}.Debug|iPhone.Deploy.0 = Debug|Any CPU
		{043D802E-7C1B-4DB7-B3D6-28B78AE255BF}.Debug|iPhoneSimulator.ActiveCfg = Debug|Any CPU
		{043D802E-7C1B-4DB7-B3D6-28B78AE255BF}.Debug|iPhoneSimulator.Build.0 = Debug|Any CPU
		{043D802E-7C1B-4DB7-B3D6-28B78AE255BF}.Debug|iPhoneSimulator.Deploy.0 = Debug|Any CPU
		{043D802E-7C1B-4DB7-B3D6-28B78AE255BF}.Release|Any CPU.ActiveCfg = Release|Any CPU
		{043D802E-7C1B-4DB7-B3D6-28B78AE255BF}.Release|Any CPU.Build.0 = Release|Any CPU
		{043D802E-7C1B-4DB7-B3D6-28B78AE255BF}.Release|Any CPU.Deploy.0 = Release|Any CPU
		{043D802E-7C1B-4DB7-B3D6-28B78AE255BF}.Release|iPhone.ActiveCfg = Release|Any CPU
		{043D802E-7C1B-4DB7-B3D6-28B78AE255BF}.Release|iPhone.Build.0 = Release|Any CPU
		{043D802E-7C1B-4DB7-B3D6-28B78AE255BF}.Release|iPhone.Deploy.0 = Release|Any CPU
		{043D802E-7C1B-4DB7-B3D6-28B78AE255BF}.Release|iPhoneSimulator.ActiveCfg = Release|Any CPU
		{043D802E-7C1B-4DB7-B3D6-28B78AE255BF}.Release|iPhoneSimulator.Build.0 = Release|Any CPU
		{043D802E-7C1B-4DB7-B3D6-28B78AE255BF}.Release|iPhoneSimulator.Deploy.0 = Release|Any CPU
		{38D1B7F6-69D7-4039-A721-88276FD43BDA}.Ad-Hoc|Any CPU.ActiveCfg = Ad-Hoc|iPhone
		{38D1B7F6-69D7-4039-A721-88276FD43BDA}.Ad-Hoc|iPhone.ActiveCfg = Ad-Hoc|iPhone
		{38D1B7F6-69D7-4039-A721-88276FD43BDA}.Ad-Hoc|iPhone.Build.0 = Ad-Hoc|iPhone
		{38D1B7F6-69D7-4039-A721-88276FD43BDA}.Ad-Hoc|iPhoneSimulator.ActiveCfg = Ad-Hoc|iPhoneSimulator
		{38D1B7F6-69D7-4039-A721-88276FD43BDA}.Ad-Hoc|iPhoneSimulator.Build.0 = Ad-Hoc|iPhoneSimulator
		{38D1B7F6-69D7-4039-A721-88276FD43BDA}.AppStore|Any CPU.ActiveCfg = AppStore|iPhone
		{38D1B7F6-69D7-4039-A721-88276FD43BDA}.AppStore|iPhone.ActiveCfg = AppStore|iPhone
		{38D1B7F6-69D7-4039-A721-88276FD43BDA}.AppStore|iPhone.Build.0 = AppStore|iPhone
		{38D1B7F6-69D7-4039-A721-88276FD43BDA}.AppStore|iPhoneSimulator.ActiveCfg = AppStore|iPhoneSimulator
		{38D1B7F6-69D7-4039-A721-88276FD43BDA}.AppStore|iPhoneSimulator.Build.0 = AppStore|iPhoneSimulator
		{38D1B7F6-69D7-4039-A721-88276FD43BDA}.Debug|Any CPU.ActiveCfg = Debug|iPhone
		{38D1B7F6-69D7-4039-A721-88276FD43BDA}.Debug|iPhone.ActiveCfg = Debug|iPhone
		{38D1B7F6-69D7-4039-A721-88276FD43BDA}.Debug|iPhone.Build.0 = Debug|iPhone
		{38D1B7F6-69D7-4039-A721-88276FD43BDA}.Debug|iPhoneSimulator.ActiveCfg = Debug|iPhoneSimulator
		{38D1B7F6-69D7-4039-A721-88276FD43BDA}.Debug|iPhoneSimulator.Build.0 = Debug|iPhoneSimulator
		{38D1B7F6-69D7-4039-A721-88276FD43BDA}.Release|Any CPU.ActiveCfg = Release|iPhone
		{38D1B7F6-69D7-4039-A721-88276FD43BDA}.Release|iPhone.ActiveCfg = Release|iPhone
		{38D1B7F6-69D7-4039-A721-88276FD43BDA}.Release|iPhone.Build.0 = Release|iPhone
		{38D1B7F6-69D7-4039-A721-88276FD43BDA}.Release|iPhoneSimulator.ActiveCfg = Release|iPhoneSimulator
		{38D1B7F6-69D7-4039-A721-88276FD43BDA}.Release|iPhoneSimulator.Build.0 = Release|iPhoneSimulator
		{1B552687-225D-45CA-8799-B98C067A6A0F}.Ad-Hoc|Any CPU.ActiveCfg = Debug|Any CPU
		{1B552687-225D-45CA-8799-B98C067A6A0F}.Ad-Hoc|Any CPU.Build.0 = Debug|Any CPU
		{1B552687-225D-45CA-8799-B98C067A6A0F}.Ad-Hoc|iPhone.ActiveCfg = Debug|Any CPU
		{1B552687-225D-45CA-8799-B98C067A6A0F}.Ad-Hoc|iPhone.Build.0 = Debug|Any CPU
		{1B552687-225D-45CA-8799-B98C067A6A0F}.Ad-Hoc|iPhoneSimulator.ActiveCfg = Debug|Any CPU
		{1B552687-225D-45CA-8799-B98C067A6A0F}.Ad-Hoc|iPhoneSimulator.Build.0 = Debug|Any CPU
		{1B552687-225D-45CA-8799-B98C067A6A0F}.AppStore|Any CPU.ActiveCfg = Debug|Any CPU
		{1B552687-225D-45CA-8799-B98C067A6A0F}.AppStore|Any CPU.Build.0 = Debug|Any CPU
		{1B552687-225D-45CA-8799-B98C067A6A0F}.AppStore|iPhone.ActiveCfg = Debug|Any CPU
		{1B552687-225D-45CA-8799-B98C067A6A0F}.AppStore|iPhone.Build.0 = Debug|Any CPU
		{1B552687-225D-45CA-8799-B98C067A6A0F}.AppStore|iPhoneSimulator.ActiveCfg = Debug|Any CPU
		{1B552687-225D-45CA-8799-B98C067A6A0F}.AppStore|iPhoneSimulator.Build.0 = Debug|Any CPU
		{1B552687-225D-45CA-8799-B98C067A6A0F}.Debug|Any CPU.ActiveCfg = Debug|Any CPU
		{1B552687-225D-45CA-8799-B98C067A6A0F}.Debug|Any CPU.Build.0 = Debug|Any CPU
		{1B552687-225D-45CA-8799-B98C067A6A0F}.Debug|iPhone.ActiveCfg = Debug|Any CPU
		{1B552687-225D-45CA-8799-B98C067A6A0F}.Debug|iPhone.Build.0 = Debug|Any CPU
		{1B552687-225D-45CA-8799-B98C067A6A0F}.Debug|iPhoneSimulator.ActiveCfg = Debug|Any CPU
		{1B552687-225D-45CA-8799-B98C067A6A0F}.Debug|iPhoneSimulator.Build.0 = Debug|Any CPU
		{1B552687-225D-45CA-8799-B98C067A6A0F}.Release|Any CPU.ActiveCfg = Release|Any CPU
		{1B552687-225D-45CA-8799-B98C067A6A0F}.Release|Any CPU.Build.0 = Release|Any CPU
		{1B552687-225D-45CA-8799-B98C067A6A0F}.Release|iPhone.ActiveCfg = Release|Any CPU
		{1B552687-225D-45CA-8799-B98C067A6A0F}.Release|iPhone.Build.0 = Release|Any CPU
		{1B552687-225D-45CA-8799-B98C067A6A0F}.Release|iPhoneSimulator.ActiveCfg = Release|Any CPU
		{1B552687-225D-45CA-8799-B98C067A6A0F}.Release|iPhoneSimulator.Build.0 = Release|Any CPU
	EndGlobalSection
	GlobalSection(SolutionProperties) = preSolution
		HideSolutionNode = FALSE
	EndGlobalSection
	GlobalSection(ExtensibilityGlobals) = postSolution
		SolutionGuid = {1D1C14FA-7784-420A-BA60-3617BF884F26}
	EndGlobalSection
EndGlobal
